
Microsoft Visual Studio Solution File, Format Version 12.00
# Visual Studio Version 17
VisualStudioVersion = 17.6.33723.286
MinimumVisualStudioVersion = 10.0.40219.1
Project("{FAE04EC0-301F-11D3-BF4B-00C04F79EFBC}") = "eTickets", "eTickets\eTickets.csproj", "{AD39812E-BB36-4E07-96C0-A3B5CEDA1E2E}"
EndProject
Global
	GlobalSection(SolutionConfigurationPlatforms) = preSolution
		Debug|Any CPU = Debug|Any CPU
		Release|Any CPU = Release|Any CPU
	EndGlobalSection
	GlobalSection(ProjectConfigurationPlatforms) = postSolution
		{AD39812E-BB36-4E07-96C0-A3B5CEDA1E2E}.Debug|Any CPU.ActiveCfg = Debug|Any CPU
		{AD39812E-BB36-4E07-96C0-A3B5CEDA1E2E}.Debug|Any CPU.Build.0 = Debug|Any CPU
		{AD39812E-BB36-4E07-96C0-A3B5CEDA1E2E}.Release|Any CPU.ActiveCfg = Release|Any CPU
		{AD39812E-BB36-4E07-96C0-A3B5CEDA1E2E}.Release|Any CPU.Build.0 = Release|Any CPU
	EndGlobalSection
	GlobalSection(SolutionProperties) = preSolution
		HideSolutionNode = FALSE
	EndGlobalSection
	GlobalSection(ExtensibilityGlobals) = postSolution
		SolutionGuid = {52CCB04B-BCFB-4AAF-80DF-3D3F918E809D}
	EndGlobalSection
EndGlobal
